
Microsoft Visual Studio Solution File, Format Version 12.00
# Visual Studio Express 2012 for Windows Desktop
Project("{8BC9CEB8-8B4A-11D0-8D11-00A0C91BC942}") = "NaroncoGame", "NaroncoGame\NaroncoGame.vcxproj", "{ACAA0E34-C675-4F98-AA76-202C2924BC3F}"
EndProject
Project("{8BC9CEB8-8B4A-11D0-8D11-00A0C91BC942}") = "ModelConverter", "ModelConverter\ModelConverter.vcxproj", "{48060CDF-F29C-4EC0-80D1-EF9D21D43F99}"
EndProject
Global
	GlobalSection(SolutionConfigurationPlatforms) = preSolution
		Debug|Win32 = Debug|Win32
		Release|Win32 = Release|Win32
	EndGlobalSection
	GlobalSection(ProjectConfigurationPlatforms) = postSolution
		{ACAA0E34-C675-4F98-AA76-202C2924BC3F}.Debug|Win32.ActiveCfg = Debug|Win32
		{ACAA0E34-C675-4F98-AA76-202C2924BC3F}.Debug|Win32.Build.0 = Debug|Win32
		{ACAA0E34-C675-4F98-AA76-202C2924BC3F}.Release|Win32.ActiveCfg = Release|Win32
		{ACAA0E34-C675-4F98-AA76-202C2924BC3F}.Release|Win32.Build.0 = Release|Win32
		{48060CDF-F29C-4EC0-80D1-EF9D21D43F99}.Debug|Win32.ActiveCfg = Debug|Win32
		{48060CDF-F29C-4EC0-80D1-EF9D21D43F99}.Debug|Win32.Build.0 = Debug|Win32
		{48060CDF-F29C-4EC0-80D1-EF9D21D43F99}.Release|Win32.ActiveCfg = Release|Win32
		{48060CDF-F29C-4EC0-80D1-EF9D21D43F99}.Release|Win32.Build.0 = Release|Win32
	EndGlobalSection
	GlobalSection(SolutionProperties) = preSolution
		HideSolutionNode = FALSE
	EndGlobalSection
EndGlobal
